
Microsoft Visual Studio Solution File, Format Version 12.00
# Visual Studio Version 16
VisualStudioVersion = 16.0.29509.3
MinimumVisualStudioVersion = 10.0.40219.1
Project("{FAE04EC0-301F-11D3-BF4B-00C04F79EFBC}") = "PlayWithReflection", "PlayWithReflection.csproj", "{F4038B09-785F-4244-B3E3-69C2CC86EA3A}"
EndProject
Project("{FAE04EC0-301F-11D3-BF4B-00C04F79EFBC}") = "MathematicsForReflectionScenarios", "..\MathematicsForReflectionScenarios\MathematicsForReflectionScenarios.csproj", "{3EEAE54E-ABF0-493C-B076-74F782540034}"
EndProject
Global
	GlobalSection(SolutionConfigurationPlatforms) = preSolution
		Debug|Any CPU = Debug|Any CPU
		Release|Any CPU = Release|Any CPU
	EndGlobalSection
	GlobalSection(ProjectConfigurationPlatforms) = postSolution
		{F4038B09-785F-4244-B3E3-69C2CC86EA3A}.Debug|Any CPU.ActiveCfg = Debug|Any CPU
		{F4038B09-785F-4244-B3E3-69C2CC86EA3A}.Debug|Any CPU.Build.0 = Debug|Any CPU
		{F4038B09-785F-4244-B3E3-69C2CC86EA3A}.Release|Any CPU.ActiveCfg = Release|Any CPU
		{F4038B09-785F-4244-B3E3-69C2CC86EA3A}.Release|Any CPU.Build.0 = Release|Any CPU
		{3EEAE54E-ABF0-493C-B076-74F782540034}.Debug|Any CPU.ActiveCfg = Debug|Any CPU
		{3EEAE54E-ABF0-493C-B076-74F782540034}.Debug|Any CPU.Build.0 = Debug|Any CPU
		{3EEAE54E-ABF0-493C-B076-74F782540034}.Release|Any CPU.ActiveCfg = Release|Any CPU
		{3EEAE54E-ABF0-493C-B076-74F782540034}.Release|Any CPU.Build.0 = Release|Any CPU
	EndGlobalSection
	GlobalSection(SolutionProperties) = preSolution
		HideSolutionNode = FALSE
	EndGlobalSection
	GlobalSection(ExtensibilityGlobals) = postSolution
		SolutionGuid = {66FC6950-EA52-49BA-95A8-081589365AD7}
	EndGlobalSection
EndGlobal
